
Microsoft Visual Studio Solution File, Format Version 12.00
# Visual Studio Version 16
VisualStudioVersion = 16.0.29215.179
MinimumVisualStudioVersion = 10.0.40219.1
Project("{FAE04EC0-301F-11D3-BF4B-00C04F79EFBC}") = "AsciiInfo", "AsciiInfo.csproj", "{89696B8C-5688-4B03-8250-A9C096925767}"
EndProject
Global
	GlobalSection(SolutionConfigurationPlatforms) = preSolution
		Debug|Any CPU = Debug|Any CPU
		Release|Any CPU = Release|Any CPU
	EndGlobalSection
	GlobalSection(ProjectConfigurationPlatforms) = postSolution
		{89696B8C-5688-4B03-8250-A9C096925767}.Debug|Any CPU.ActiveCfg = Debug|Any CPU
		{89696B8C-5688-4B03-8250-A9C096925767}.Debug|Any CPU.Build.0 = Debug|Any CPU
		{89696B8C-5688-4B03-8250-A9C096925767}.Release|Any CPU.ActiveCfg = Release|Any CPU
		{89696B8C-5688-4B03-8250-A9C096925767}.Release|Any CPU.Build.0 = Release|Any CPU
	EndGlobalSection
	GlobalSection(SolutionProperties) = preSolution
		HideSolutionNode = FALSE
	EndGlobalSection
	GlobalSection(ExtensibilityGlobals) = postSolution
		SolutionGuid = {4E7CFA27-3593-4F50-B6F7-6C22266D5FED}
	EndGlobalSection
EndGlobal
